{
  "name": "license-info-collector",
  "version": "1.0.2",
  "lockfileVersion": 1,
  "requires": true,
  "dependencies": {
    "@types/node": {
      "version": "10.1.0",
      "resolved": "http://vgqa02:8081/artifactory/api/npm/npm/@types/node/-/node-10.1.0.tgz",
      "integrity": "sha1-J4PuG2xHy9QET0ojOXbBrF+p6UI=",
      "dev": true
    },
    "@types/semver": {
      "version": "5.5.0",
      "resolved": "http://vgqa02:8081/artifactory/api/npm/npm/@types/semver/-/semver-5.5.0.tgz",
      "integrity": "sha1-FGwqKe59O65L8vyydGNuJkyBPEU=",
      "dev": true
    },
    "semver": {
      "version": "5.5.0",
      "resolved": "http://vgqa02:8081/artifactory/api/npm/npm/semver/-/semver-5.5.0.tgz",
      "integrity": "sha1-3Eu8emyp2Rbe5dQ1FvAJK1j3uKs="
    },
    "typescript": {
      "version": "2.8.3",
      "resolved": "http://vgqa02:8081/artifactory/api/npm/npm/typescript/-/typescript-2.8.3.tgz",
      "integrity": "sha1-XYF/m28xu4cYNfTt8AifIavmwXA=",
      "dev": true
    }
  }
}
